
Microsoft Visual Studio Solution File, Format Version 12.00
Project("{FAE04EC0-301F-11D3-BF4B-00C04F79EFBC}") = "ApocalypticFastFood", "ApocalypticFastFood\ApocalypticFastFood.csproj", "{78BA12FE-70C6-4DD0-8F27-6C8121702911}"
EndProject
Global
	GlobalSection(SolutionConfigurationPlatforms) = preSolution
		Debug|Any CPU = Debug|Any CPU
		Release|Any CPU = Release|Any CPU
	EndGlobalSection
	GlobalSection(ProjectConfigurationPlatforms) = postSolution
		{78BA12FE-70C6-4DD0-8F27-6C8121702911}.Debug|Any CPU.ActiveCfg = Debug|Any CPU
		{78BA12FE-70C6-4DD0-8F27-6C8121702911}.Debug|Any CPU.Build.0 = Debug|Any CPU
		{78BA12FE-70C6-4DD0-8F27-6C8121702911}.Release|Any CPU.ActiveCfg = Release|Any CPU
		{78BA12FE-70C6-4DD0-8F27-6C8121702911}.Release|Any CPU.Build.0 = Release|Any CPU
	EndGlobalSection
EndGlobal
